{
  "name": "home-aid",
  "version": "0.8.0",
  "lockfileVersion": 1,
  "requires": true,
  "dependencies": {
    "binrpc": {
      "version": "1.0.0",
      "resolved": "https://registry.npmjs.org/binrpc/-/binrpc-1.0.0.tgz",
      "integrity": "sha1-WXs7q7U5M5CWgsyrGgCPFc1LqSY=",
      "requires": {
        "async": "1.5.2",
        "binary": "0.3.0",
        "put": "0.0.6"
      },
      "dependencies": {
        "async": {
          "version": "1.5.2",
          "resolved": "https://registry.npmjs.org/async/-/async-1.5.2.tgz",
          "integrity": "sha1-7GphrlZIDAw8skHJVhjiCJL5Zyo="
        },
        "binary": {
          "version": "0.3.0",
          "resolved": "https://registry.npmjs.org/binary/-/binary-0.3.0.tgz",
          "integrity": "sha1-n2BVO8XOjDOG87VTz/R0Yq3sqnk=",
          "requires": {
            "buffers": "0.1.1",
            "chainsaw": "0.1.0"
          },
          "dependencies": {
            "buffers": {
              "version": "0.1.1",
              "resolved": "https://registry.npmjs.org/buffers/-/buffers-0.1.1.tgz",
              "integrity": "sha1-skV5w77U1tOWru5tmorn9Ugqt7s="
            },
            "chainsaw": {
              "version": "0.1.0",
              "resolved": "https://registry.npmjs.org/chainsaw/-/chainsaw-0.1.0.tgz",
              "integrity": "sha1-XqtQsor+WAdNDVgpE4iCi15fvJg=",
              "requires": {
                "traverse": "0.3.9"
              },
              "dependencies": {
                "traverse": {
                  "version": "0.3.9",
                  "resolved": "https://registry.npmjs.org/traverse/-/traverse-0.3.9.tgz",
                  "integrity": "sha1-cXuPIgzAu3tE5AUUwisui7xw2Lk="
                }
              }
            }
          }
        },
        "put": {
          "version": "0.0.6",
          "resolved": "https://registry.npmjs.org/put/-/put-0.0.6.tgz",
          "integrity": "sha1-MPX2C9bkOJvTKeFqJThsuy5KAKM="
        }
      }
    },
    "hap-nodejs": {
      "version": "0.4.32",
      "resolved": "https://registry.npmjs.org/hap-nodejs/-/hap-nodejs-0.4.32.tgz",
      "integrity": "sha1-PexKqsfLlWXV0uuMTfQnlma1Ihg=",
      "requires": {
        "buffer-shims": "1.0.0",
        "curve25519-n2": "1.1.3",
        "debug": "2.6.8",
        "decimal.js": "7.2.3",
        "ed25519": "0.0.4",
        "fast-srp-hap": "1.0.1",
        "ip": "1.1.5",
        "mdns": "2.3.3",
        "node-persist": "0.0.11"
      },
      "dependencies": {
        "buffer-shims": {
          "version": "1.0.0",
          "resolved": "https://registry.npmjs.org/buffer-shims/-/buffer-shims-1.0.0.tgz",
          "integrity": "sha1-mXjOMXOIxkmth5MCjDR37wRKi1E="
        },
        "curve25519-n2": {
          "version": "1.1.3",
          "resolved": "https://registry.npmjs.org/curve25519-n2/-/curve25519-n2-1.1.3.tgz",
          "integrity": "sha1-TLBYjs+327wL+zLQoARjKW7m7+I=",
          "requires": {
            "bindings": "1.2.1",
            "nan": "2.7.0"
          },
          "dependencies": {
            "bindings": {
              "version": "1.2.1",
              "resolved": "https://registry.npmjs.org/bindings/-/bindings-1.2.1.tgz",
              "integrity": "sha1-FK1hE4EtLTfXLme0ystLtyZQXxE="
            },
            "nan": {
              "version": "2.7.0",
              "resolved": "https://registry.npmjs.org/nan/-/nan-2.7.0.tgz",
              "integrity": "sha1-2Vv3IeyHfgjbJ27T/G63j5CDrUY="
            }
          }
        },
        "debug": {
          "version": "2.6.8",
          "resolved": "https://registry.npmjs.org/debug/-/debug-2.6.8.tgz",
          "integrity": "sha1-5zFTHKLt4n0YgiJCfaF4IdaP9Pw=",
          "requires": {
            "ms": "2.0.0"
          },
          "dependencies": {
            "ms": {
              "version": "2.0.0",
              "resolved": "https://registry.npmjs.org/ms/-/ms-2.0.0.tgz",
              "integrity": "sha1-VgiurfwAvmwpAd9fmGF4jeDVl8g="
            }
          }
        },
        "decimal.js": {
          "version": "7.2.3",
          "resolved": "https://registry.npmjs.org/decimal.js/-/decimal.js-7.2.3.tgz",
          "integrity": "sha1-ZDTDuKjDdXgAYvxjPQ0rvbJkzHg="
        },
        "ed25519": {
          "version": "0.0.4",
          "resolved": "https://registry.npmjs.org/ed25519/-/ed25519-0.0.4.tgz",
          "integrity": "sha1-5WIYrOL8kD0llZOu8LKpY59HW+s=",
          "requires": {
            "bindings": "1.3.0",
            "nan": "2.7.0"
          },
          "dependencies": {
            "bindings": {
              "version": "1.3.0",
              "resolved": "https://registry.npmjs.org/bindings/-/bindings-1.3.0.tgz",
              "integrity": "sha1-s0b27PapX1qBXFg5/HzbIlAvHtc="
            },
            "nan": {
              "version": "2.7.0",
              "resolved": "https://registry.npmjs.org/nan/-/nan-2.7.0.tgz",
              "integrity": "sha1-2Vv3IeyHfgjbJ27T/G63j5CDrUY="
            }
          }
        },
        "fast-srp-hap": {
          "version": "1.0.1",
          "resolved": "https://registry.npmjs.org/fast-srp-hap/-/fast-srp-hap-1.0.1.tgz",
          "integrity": "sha1-N3Ek0Za8alFXquWze/X6NbtK0tk="
        },
        "ip": {
          "version": "1.1.5",
          "resolved": "https://registry.npmjs.org/ip/-/ip-1.1.5.tgz",
          "integrity": "sha1-vd7XARQpCCjAoDnnLvJfWq7ENUo="
        },
        "mdns": {
          "version": "2.3.3",
          "resolved": "https://registry.npmjs.org/mdns/-/mdns-2.3.3.tgz",
          "integrity": "sha1-u8atVAeiMBM9YuDaaS8p8L1Jco4=",
          "requires": {
            "bindings": "1.2.1",
            "nan": "2.3.5"
          },
          "dependencies": {
            "bindings": {
              "version": "1.2.1",
              "resolved": "https://registry.npmjs.org/bindings/-/bindings-1.2.1.tgz",
              "integrity": "sha1-FK1hE4EtLTfXLme0ystLtyZQXxE="
            },
            "nan": {
              "version": "2.3.5",
              "resolved": "https://registry.npmjs.org/nan/-/nan-2.3.5.tgz",
              "integrity": "sha1-gioNwmYpDOTNOhIoLKPn42Rmigg="
            }
          }
        },
        "node-persist": {
          "version": "0.0.11",
          "resolved": "https://registry.npmjs.org/node-persist/-/node-persist-0.0.11.tgz",
          "integrity": "sha1-1m66Pr72IPB5Uw+nsTB2qQZmWHQ=",
          "requires": {
            "mkdirp": "0.5.1",
            "q": "1.1.2"
          },
          "dependencies": {
            "mkdirp": {
              "version": "0.5.1",
              "resolved": "https://registry.npmjs.org/mkdirp/-/mkdirp-0.5.1.tgz",
              "integrity": "sha1-MAV0OOrGz3+MR2fzhkjWaX11yQM=",
              "requires": {
                "minimist": "0.0.8"
              },
              "dependencies": {
                "minimist": {
                  "version": "0.0.8",
                  "resolved": "https://registry.npmjs.org/minimist/-/minimist-0.0.8.tgz",
                  "integrity": "sha1-hX/Kv8M5fSYluCKCYuhqp6ARsF0="
                }
              }
            },
            "q": {
              "version": "1.1.2",
              "resolved": "https://registry.npmjs.org/q/-/q-1.1.2.tgz",
              "integrity": "sha1-Y1fikSBnAdmfGXq4TlforRlvKok="
            }
          }
        }
      }
    },
    "node-persist": {
      "version": "2.1.0",
      "resolved": "https://registry.npmjs.org/node-persist/-/node-persist-2.1.0.tgz",
      "integrity": "sha1-5lK784haBNrWo1PXQXYXfIORRwc=",
      "requires": {
        "is-absolute": "0.2.6",
        "mkdirp": "0.5.1",
        "q": "1.1.2"
      },
      "dependencies": {
        "is-absolute": {
          "version": "0.2.6",
          "resolved": "https://registry.npmjs.org/is-absolute/-/is-absolute-0.2.6.tgz",
          "integrity": "sha1-IN5p89uULvLYe5wto28XIjWxtes=",
          "requires": {
            "is-relative": "0.2.1",
            "is-windows": "0.2.0"
          },
          "dependencies": {
            "is-relative": {
              "version": "0.2.1",
              "resolved": "https://registry.npmjs.org/is-relative/-/is-relative-0.2.1.tgz",
              "integrity": "sha1-0n9MfVFtF1+2ENuEu+7yPDvJeqU=",
              "requires": {
                "is-unc-path": "0.1.2"
              },
              "dependencies": {
                "is-unc-path": {
                  "version": "0.1.2",
                  "resolved": "https://registry.npmjs.org/is-unc-path/-/is-unc-path-0.1.2.tgz",
                  "integrity": "sha1-arBTpyVzwQJQ/0FqOBTDUXivObk=",
                  "requires": {
                    "unc-path-regex": "0.1.2"
                  },
                  "dependencies": {
                    "unc-path-regex": {
                      "version": "0.1.2",
                      "resolved": "https://registry.npmjs.org/unc-path-regex/-/unc-path-regex-0.1.2.tgz",
                      "integrity": "sha1-5z3T17DXxe2G+6xrCufYxqadUPo="
                    }
                  }
                }
              }
            },
            "is-windows": {
              "version": "0.2.0",
              "resolved": "https://registry.npmjs.org/is-windows/-/is-windows-0.2.0.tgz",
              "integrity": "sha1-3hqm1j6indJIc3tp8f+LgALSEIw="
            }
          }
        },
        "mkdirp": {
          "version": "0.5.1",
          "resolved": "https://registry.npmjs.org/mkdirp/-/mkdirp-0.5.1.tgz",
          "integrity": "sha1-MAV0OOrGz3+MR2fzhkjWaX11yQM=",
          "requires": {
            "minimist": "0.0.8"
          },
          "dependencies": {
            "minimist": {
              "version": "0.0.8",
              "resolved": "https://registry.npmjs.org/minimist/-/minimist-0.0.8.tgz",
              "integrity": "sha1-hX/Kv8M5fSYluCKCYuhqp6ARsF0="
            }
          }
        },
        "q": {
          "version": "1.1.2",
          "resolved": "https://registry.npmjs.org/q/-/q-1.1.2.tgz",
          "integrity": "sha1-Y1fikSBnAdmfGXq4TlforRlvKok="
        }
      }
    },
    "onoff": {
      "version": "1.1.1",
      "resolved": "https://registry.npmjs.org/onoff/-/onoff-1.1.1.tgz",
      "integrity": "sha1-PtiKjUycw6WMPkdm1+nRvP+w3zs=",
      "requires": {
        "epoll": "0.1.20"
      },
      "dependencies": {
        "epoll": {
          "version": "0.1.20",
          "resolved": "https://registry.npmjs.org/epoll/-/epoll-0.1.20.tgz",
          "integrity": "sha1-aKfvm9t6WIE8yuL4F/i+ueo5bFU=",
          "requires": {
            "bindings": "1.2.1",
            "nan": "2.4.0"
          },
          "dependencies": {
            "bindings": {
              "version": "1.2.1",
              "resolved": "https://registry.npmjs.org/bindings/-/bindings-1.2.1.tgz",
              "integrity": "sha1-FK1hE4EtLTfXLme0ystLtyZQXxE="
            },
            "nan": {
              "version": "2.4.0",
              "resolved": "https://registry.npmjs.org/nan/-/nan-2.4.0.tgz",
              "integrity": "sha1-+zxZ1F/k7/4hXwuJD4rfbrMtIjI="
            }
          }
        }
      }
    },
    "sleep": {
      "version": "4.0.0",
      "resolved": "https://registry.npmjs.org/sleep/-/sleep-4.0.0.tgz",
      "integrity": "sha1-jUZflnHL74nVaIFQ/y7fnJ5qmHk=",
      "requires": {
        "nan": "2.4.0"
      },
      "dependencies": {
        "nan": {
          "version": "2.4.0",
          "resolved": "https://registry.npmjs.org/nan/-/nan-2.4.0.tgz",
          "integrity": "sha1-+zxZ1F/k7/4hXwuJD4rfbrMtIjI="
        }
      }
    }
  }
}
