{
  "name": "home-aid",
  "version": "0.8.0",
  "lockfileVersion": 1,
  "requires": true,
  "dependencies": {
    "apn": {
      "version": "2.2.0",
      "resolved": "https://registry.npmjs.org/apn/-/apn-2.2.0.tgz",
      "integrity": "sha512-YIypYzPVJA9wzNBLKZ/mq2l1IZX/2FadPvwmSv4ZeR0VH7xdNITQ6Pucgh0Uw6ZZKC+XwheaJ57DFZAhJ0FvPg==",
      "requires": {
        "debug": "^3.1.0",
        "http2": "https://github.com/node-apn/node-http2/archive/apn-2.1.4.tar.gz",
        "jsonwebtoken": "^8.1.0",
        "node-forge": "^0.7.1",
        "verror": "^1.10.0"
      },
      "dependencies": {
        "debug": {
          "version": "3.1.0",
          "resolved": "https://registry.npmjs.org/debug/-/debug-3.1.0.tgz",
          "integrity": "sha512-OX8XqP7/1a9cqkxYw2yXss15f26NKWBpDXQd0/uK/KPqdQhxbPa994hnzjcE2VqQpDslf55723cKPUOGSmMY3g==",
          "requires": {
            "ms": "2.0.0"
          }
        }
      }
    },
    "array-flatten": {
      "version": "2.1.1",
      "resolved": "https://registry.npmjs.org/array-flatten/-/array-flatten-2.1.1.tgz",
      "integrity": "sha1-Qmu52oQJDBg42BLIFQryCoMx4pY="
    },
    "assert-plus": {
      "version": "1.0.0",
      "resolved": "https://registry.npmjs.org/assert-plus/-/assert-plus-1.0.0.tgz",
      "integrity": "sha1-8S4PPF13sLHN2RRpQuTpbB5N1SU="
    },
    "bindings": {
      "version": "1.3.0",
      "resolved": "https://registry.npmjs.org/bindings/-/bindings-1.3.0.tgz",
      "integrity": "sha512-DpLh5EzMR2kzvX1KIlVC0VkC3iZtHKTgdtZ0a3pglBZdaQFjt5S9g9xd1lE+YvXyfd6mtCeRnrUfOLYiTMlNSw=="
    },
    "binrpc": {
      "version": "1.0.0",
      "resolved": "https://registry.npmjs.org/binrpc/-/binrpc-1.0.0.tgz",
      "integrity": "sha1-WXs7q7U5M5CWgsyrGgCPFc1LqSY=",
      "requires": {
        "async": "1.5.2",
        "binary": "0.3.0",
        "put": "0.0.6"
      },
      "dependencies": {
        "async": {
          "version": "1.5.2",
          "resolved": "https://registry.npmjs.org/async/-/async-1.5.2.tgz",
          "integrity": "sha1-7GphrlZIDAw8skHJVhjiCJL5Zyo="
        },
        "binary": {
          "version": "0.3.0",
          "resolved": "https://registry.npmjs.org/binary/-/binary-0.3.0.tgz",
          "integrity": "sha1-n2BVO8XOjDOG87VTz/R0Yq3sqnk=",
          "requires": {
            "buffers": "~0.1.1",
            "chainsaw": "~0.1.0"
          },
          "dependencies": {
            "buffers": {
              "version": "0.1.1",
              "resolved": "https://registry.npmjs.org/buffers/-/buffers-0.1.1.tgz",
              "integrity": "sha1-skV5w77U1tOWru5tmorn9Ugqt7s="
            },
            "chainsaw": {
              "version": "0.1.0",
              "resolved": "https://registry.npmjs.org/chainsaw/-/chainsaw-0.1.0.tgz",
              "integrity": "sha1-XqtQsor+WAdNDVgpE4iCi15fvJg=",
              "requires": {
                "traverse": ">=0.3.0 <0.4"
              },
              "dependencies": {
                "traverse": {
                  "version": "0.3.9",
                  "resolved": "https://registry.npmjs.org/traverse/-/traverse-0.3.9.tgz",
                  "integrity": "sha1-cXuPIgzAu3tE5AUUwisui7xw2Lk="
                }
              }
            }
          }
        },
        "put": {
          "version": "0.0.6",
          "resolved": "https://registry.npmjs.org/put/-/put-0.0.6.tgz",
          "integrity": "sha1-MPX2C9bkOJvTKeFqJThsuy5KAKM="
        }
      }
    },
    "bonjour-hap": {
      "version": "3.5.1",
      "resolved": "https://registry.npmjs.org/bonjour-hap/-/bonjour-hap-3.5.1.tgz",
      "integrity": "sha512-JqJXX5+i1NRGt8GyIPb+nBNjwrHbWe5Pb+HSuRMG/B62tPRHQ4Jyv3yX7hy1pHfRrV2OhnWpd+ljBtMb24R5rA==",
      "requires": {
        "array-flatten": "^2.1.0",
        "deep-equal": "^1.0.1",
        "dns-equal": "^1.0.0",
        "dns-txt": "^2.0.2",
        "multicast-dns": "^6.0.1",
        "multicast-dns-service-types": "^1.1.0"
      }
    },
    "buffer-equal-constant-time": {
      "version": "1.0.1",
      "resolved": "https://registry.npmjs.org/buffer-equal-constant-time/-/buffer-equal-constant-time-1.0.1.tgz",
      "integrity": "sha1-+OcRMvf/5uAaXJaXpMbz5I1cyBk="
    },
    "buffer-indexof": {
      "version": "1.1.1",
      "resolved": "https://registry.npmjs.org/buffer-indexof/-/buffer-indexof-1.1.1.tgz",
      "integrity": "sha512-4/rOEg86jivtPTeOUUT61jJO1Ya1TrR/OkqCSZDyq84WJh3LuuiphBYJN+fm5xufIk4XAFcEwte/8WzC8If/1g=="
    },
    "buffer-shims": {
      "version": "1.0.0",
      "resolved": "https://registry.npmjs.org/buffer-shims/-/buffer-shims-1.0.0.tgz",
      "integrity": "sha1-mXjOMXOIxkmth5MCjDR37wRKi1E="
    },
    "core-util-is": {
      "version": "1.0.2",
      "resolved": "https://registry.npmjs.org/core-util-is/-/core-util-is-1.0.2.tgz",
      "integrity": "sha1-tf1UIgqivFq1eqtxQMlAdUUDwac="
    },
    "curve25519-n": {
      "version": "1.4.0",
      "resolved": "https://registry.npmjs.org/curve25519-n/-/curve25519-n-1.4.0.tgz",
      "integrity": "sha512-ihQ3M/Aj9PVbsNwuul1/PNnyFurl9ejZGJWw/361+SS9hEFLiM2ttde+BXiu3ooc4AQiIx2y1gEcGLTpLRAjKg==",
      "requires": {
        "bindings": "~1.3.0",
        "nan": "^2.10.0"
      },
      "dependencies": {
        "nan": {
          "version": "2.11.0",
          "resolved": "https://registry.npmjs.org/nan/-/nan-2.11.0.tgz",
          "integrity": "sha512-F4miItu2rGnV2ySkXOQoA8FKz/SR2Q2sWP0sbTxNxz/tuokeC8WxOhPMcwi0qIyGtVn/rrSeLbvVkznqCdwYnw=="
        }
      }
    },
    "debug": {
      "version": "2.6.9",
      "resolved": "https://registry.npmjs.org/debug/-/debug-2.6.9.tgz",
      "integrity": "sha512-bC7ElrdJaJnPbAP+1EotYvqZsb3ecl5wi6Bfi6BJTUcNowp6cvspg0jXznRTKDjm/E7AdgFBVeAPVMNcKGsHMA==",
      "requires": {
        "ms": "2.0.0"
      }
    },
    "decimal.js": {
      "version": "7.5.1",
      "resolved": "https://registry.npmjs.org/decimal.js/-/decimal.js-7.5.1.tgz",
      "integrity": "sha512-1K5Y6MykxQYfHBcFfAj2uBaLmwreq4MsjsvrlgcEOvg+X82IeeXlIVIVkBMiypksu+yo9vcYP6lfU3qTedofSQ=="
    },
    "deep-equal": {
      "version": "1.0.1",
      "resolved": "https://registry.npmjs.org/deep-equal/-/deep-equal-1.0.1.tgz",
      "integrity": "sha1-9dJgKStmDghO/0zbyfCK0yR0SLU="
    },
    "dns-equal": {
      "version": "1.0.0",
      "resolved": "https://registry.npmjs.org/dns-equal/-/dns-equal-1.0.0.tgz",
      "integrity": "sha1-s55/HabrCnW6nBcySzR1PEfgZU0="
    },
    "dns-packet": {
      "version": "1.3.1",
      "resolved": "https://registry.npmjs.org/dns-packet/-/dns-packet-1.3.1.tgz",
      "integrity": "sha512-0UxfQkMhYAUaZI+xrNZOz/as5KgDU0M/fQ9b6SpkyLbk3GEswDi6PADJVaYJradtRVsRIlF1zLyOodbcTCDzUg==",
      "requires": {
        "ip": "^1.1.0",
        "safe-buffer": "^5.0.1"
      }
    },
    "dns-txt": {
      "version": "2.0.2",
      "resolved": "https://registry.npmjs.org/dns-txt/-/dns-txt-2.0.2.tgz",
      "integrity": "sha1-uR2Ab10nGI5Ks+fRB9iBocxGQrY=",
      "requires": {
        "buffer-indexof": "^1.0.0"
      }
    },
    "ecdsa-sig-formatter": {
      "version": "1.0.10",
      "resolved": "https://registry.npmjs.org/ecdsa-sig-formatter/-/ecdsa-sig-formatter-1.0.10.tgz",
      "integrity": "sha1-HFlQAPBKiJffuFAAiSoPTDOvhsM=",
      "requires": {
        "safe-buffer": "^5.0.1"
      }
    },
    "ed25519-hap": {
      "version": "0.0.5",
      "resolved": "https://registry.npmjs.org/ed25519-hap/-/ed25519-hap-0.0.5.tgz",
      "integrity": "sha512-6RPUW9BdnUjYz5lGjRfM0sOMa8d43sjWFFchGJhGKkevoZvB0oVp1ES9oDUK+QJoJO8EoJlgawNsxG2yvlMbYg==",
      "requires": {
        "bindings": "^1.2.1",
        "nan": "^2.10.0"
      },
      "dependencies": {
        "nan": {
          "version": "2.11.0",
          "resolved": "https://registry.npmjs.org/nan/-/nan-2.11.0.tgz",
          "integrity": "sha512-F4miItu2rGnV2ySkXOQoA8FKz/SR2Q2sWP0sbTxNxz/tuokeC8WxOhPMcwi0qIyGtVn/rrSeLbvVkznqCdwYnw=="
        }
      }
    },
    "epoll": {
      "version": "2.0.3",
      "resolved": "https://registry.npmjs.org/epoll/-/epoll-2.0.3.tgz",
      "integrity": "sha512-rX/LGxKyFeCdvRHIgr+pl3Q3iC1Sp8Bv1oqDNDwnzQeYY5slRdJlqsLR02RJlkhfx+ldkNqBEM5BtnDM0HPNsA==",
      "requires": {
        "bindings": "^1.3.0",
        "nan": "^2.10.0"
      }
    },
    "extsprintf": {
      "version": "1.4.0",
      "resolved": "https://registry.npmjs.org/extsprintf/-/extsprintf-1.4.0.tgz",
      "integrity": "sha1-4mifjzVvrWLMplo6kcXfX5VRaS8="
    },
    "fast-srp-hap": {
      "version": "1.0.1",
      "resolved": "https://registry.npmjs.org/fast-srp-hap/-/fast-srp-hap-1.0.1.tgz",
      "integrity": "sha1-N3Ek0Za8alFXquWze/X6NbtK0tk="
    },
    "hap-nodejs": {
      "version": "0.4.47",
      "resolved": "https://registry.npmjs.org/hap-nodejs/-/hap-nodejs-0.4.47.tgz",
      "integrity": "sha512-R+wybsxAP/R/NT3WazdY7ErAgyee1zRqvpHgTUkR5mkQHp88z46hcm50kVkFEYRHlpLclBBCqioP6EksHIOsbw==",
      "requires": {
        "bonjour-hap": "^3.5.1",
        "buffer-shims": "^1.0.0",
        "curve25519-n": "^1.2.0",
        "debug": "^2.2.0",
        "decimal.js": "^7.2.3",
        "ed25519-hap": "^0.0.5",
        "fast-srp-hap": "^1.0.1",
        "ip": "^1.1.3",
        "node-persist": "^0.0.11"
      },
      "dependencies": {
        "node-persist": {
          "version": "0.0.11",
          "resolved": "https://registry.npmjs.org/node-persist/-/node-persist-0.0.11.tgz",
          "integrity": "sha1-1m66Pr72IPB5Uw+nsTB2qQZmWHQ=",
          "requires": {
            "mkdirp": "~0.5.1",
            "q": "~1.1.1"
          }
        }
      }
    },
    "http2": {
      "version": "https://github.com/node-apn/node-http2/archive/apn-2.1.4.tar.gz",
      "integrity": "sha512-ad4u4I88X9AcUgxCRW3RLnbh7xHWQ1f5HbrXa7gEy2x4Xgq+rq+auGx5I+nUDE2YYuqteGIlbxrwQXkIaYTfnQ=="
    },
    "ip": {
      "version": "1.1.5",
      "resolved": "https://registry.npmjs.org/ip/-/ip-1.1.5.tgz",
      "integrity": "sha1-vd7XARQpCCjAoDnnLvJfWq7ENUo="
    },
    "is-absolute": {
      "version": "0.2.6",
      "resolved": "https://registry.npmjs.org/is-absolute/-/is-absolute-0.2.6.tgz",
      "integrity": "sha1-IN5p89uULvLYe5wto28XIjWxtes=",
      "requires": {
        "is-relative": "^0.2.1",
        "is-windows": "^0.2.0"
      }
    },
    "is-relative": {
      "version": "0.2.1",
      "resolved": "https://registry.npmjs.org/is-relative/-/is-relative-0.2.1.tgz",
      "integrity": "sha1-0n9MfVFtF1+2ENuEu+7yPDvJeqU=",
      "requires": {
        "is-unc-path": "^0.1.1"
      }
    },
    "is-unc-path": {
      "version": "0.1.2",
      "resolved": "https://registry.npmjs.org/is-unc-path/-/is-unc-path-0.1.2.tgz",
      "integrity": "sha1-arBTpyVzwQJQ/0FqOBTDUXivObk=",
      "requires": {
        "unc-path-regex": "^0.1.0"
      }
    },
    "is-windows": {
      "version": "0.2.0",
      "resolved": "https://registry.npmjs.org/is-windows/-/is-windows-0.2.0.tgz",
      "integrity": "sha1-3hqm1j6indJIc3tp8f+LgALSEIw="
    },
    "jsonwebtoken": {
      "version": "8.3.0",
      "resolved": "https://registry.npmjs.org/jsonwebtoken/-/jsonwebtoken-8.3.0.tgz",
      "integrity": "sha512-oge/hvlmeJCH+iIz1DwcO7vKPkNGJHhgkspk8OH3VKlw+mbi42WtD4ig1+VXRln765vxptAv+xT26Fd3cteqag==",
      "requires": {
        "jws": "^3.1.5",
        "lodash.includes": "^4.3.0",
        "lodash.isboolean": "^3.0.3",
        "lodash.isinteger": "^4.0.4",
        "lodash.isnumber": "^3.0.3",
        "lodash.isplainobject": "^4.0.6",
        "lodash.isstring": "^4.0.1",
        "lodash.once": "^4.0.0",
        "ms": "^2.1.1"
      },
      "dependencies": {
        "ms": {
          "version": "2.1.1",
          "resolved": "https://registry.npmjs.org/ms/-/ms-2.1.1.tgz",
          "integrity": "sha512-tgp+dl5cGk28utYktBsrFqA7HKgrhgPsg6Z/EfhWI4gl1Hwq8B/GmY/0oXZ6nF8hDVesS/FpnYaD/kOWhYQvyg=="
        }
      }
    },
    "jwa": {
      "version": "1.1.6",
      "resolved": "https://registry.npmjs.org/jwa/-/jwa-1.1.6.tgz",
      "integrity": "sha512-tBO/cf++BUsJkYql/kBbJroKOgHWEigTKBAjjBEmrMGYd1QMBC74Hr4Wo2zCZw6ZrVhlJPvoMrkcOnlWR/DJfw==",
      "requires": {
        "buffer-equal-constant-time": "1.0.1",
        "ecdsa-sig-formatter": "1.0.10",
        "safe-buffer": "^5.0.1"
      }
    },
    "jws": {
      "version": "3.1.5",
      "resolved": "https://registry.npmjs.org/jws/-/jws-3.1.5.tgz",
      "integrity": "sha512-GsCSexFADNQUr8T5HPJvayTjvPIfoyJPtLQBwn5a4WZQchcrPMPMAWcC1AzJVRDKyD6ZPROPAxgv6rfHViO4uQ==",
      "requires": {
        "jwa": "^1.1.5",
        "safe-buffer": "^5.0.1"
      }
    },
    "lodash.debounce": {
      "version": "4.0.8",
      "resolved": "https://registry.npmjs.org/lodash.debounce/-/lodash.debounce-4.0.8.tgz",
      "integrity": "sha1-gteb/zCmfEAF/9XiUVMArZyk168="
    },
    "lodash.includes": {
      "version": "4.3.0",
      "resolved": "https://registry.npmjs.org/lodash.includes/-/lodash.includes-4.3.0.tgz",
      "integrity": "sha1-YLuYqHy5I8aMoeUTJUgzFISfVT8="
    },
    "lodash.isboolean": {
      "version": "3.0.3",
      "resolved": "https://registry.npmjs.org/lodash.isboolean/-/lodash.isboolean-3.0.3.tgz",
      "integrity": "sha1-bC4XHbKiV82WgC/UOwGyDV9YcPY="
    },
    "lodash.isinteger": {
      "version": "4.0.4",
      "resolved": "https://registry.npmjs.org/lodash.isinteger/-/lodash.isinteger-4.0.4.tgz",
      "integrity": "sha1-YZwK89A/iwTDH1iChAt3sRzWg0M="
    },
    "lodash.isnumber": {
      "version": "3.0.3",
      "resolved": "https://registry.npmjs.org/lodash.isnumber/-/lodash.isnumber-3.0.3.tgz",
      "integrity": "sha1-POdoEMWSjQM1IwGsKHMX8RwLH/w="
    },
    "lodash.isplainobject": {
      "version": "4.0.6",
      "resolved": "https://registry.npmjs.org/lodash.isplainobject/-/lodash.isplainobject-4.0.6.tgz",
      "integrity": "sha1-fFJqUtibRcRcxpC4gWO+BJf1UMs="
    },
    "lodash.isstring": {
      "version": "4.0.1",
      "resolved": "https://registry.npmjs.org/lodash.isstring/-/lodash.isstring-4.0.1.tgz",
      "integrity": "sha1-1SfftUVuynzJu5XV2ur4i6VKVFE="
    },
    "lodash.once": {
      "version": "4.1.1",
      "resolved": "https://registry.npmjs.org/lodash.once/-/lodash.once-4.1.1.tgz",
      "integrity": "sha1-DdOXEhPHxW34gJd9UEyI+0cal6w="
    },
    "minimist": {
      "version": "0.0.8",
      "resolved": "https://registry.npmjs.org/minimist/-/minimist-0.0.8.tgz",
      "integrity": "sha1-hX/Kv8M5fSYluCKCYuhqp6ARsF0="
    },
    "mkdirp": {
      "version": "0.5.1",
      "resolved": "https://registry.npmjs.org/mkdirp/-/mkdirp-0.5.1.tgz",
      "integrity": "sha1-MAV0OOrGz3+MR2fzhkjWaX11yQM=",
      "requires": {
        "minimist": "0.0.8"
      }
    },
    "ms": {
      "version": "2.0.0",
      "resolved": "https://registry.npmjs.org/ms/-/ms-2.0.0.tgz",
      "integrity": "sha1-VgiurfwAvmwpAd9fmGF4jeDVl8g="
    },
    "multicast-dns": {
      "version": "6.2.3",
      "resolved": "https://registry.npmjs.org/multicast-dns/-/multicast-dns-6.2.3.tgz",
      "integrity": "sha512-ji6J5enbMyGRHIAkAOu3WdV8nggqviKCEKtXcOqfphZZtQrmHKycfynJ2V7eVPUA4NhJ6V7Wf4TmGbTwKE9B6g==",
      "requires": {
        "dns-packet": "^1.3.1",
        "thunky": "^1.0.2"
      }
    },
    "multicast-dns-service-types": {
      "version": "1.1.0",
      "resolved": "https://registry.npmjs.org/multicast-dns-service-types/-/multicast-dns-service-types-1.1.0.tgz",
      "integrity": "sha1-iZ8R2WhuXgXLkbNdXw5jt3PPyQE="
    },
    "nan": {
      "version": "2.11.0",
      "resolved": "https://registry.npmjs.org/nan/-/nan-2.11.0.tgz",
      "integrity": "sha512-F4miItu2rGnV2ySkXOQoA8FKz/SR2Q2sWP0sbTxNxz/tuokeC8WxOhPMcwi0qIyGtVn/rrSeLbvVkznqCdwYnw=="
    },
    "node-forge": {
      "version": "0.7.6",
      "resolved": "https://registry.npmjs.org/node-forge/-/node-forge-0.7.6.tgz",
      "integrity": "sha512-sol30LUpz1jQFBjOKwbjxijiE3b6pjd74YwfD0fJOKPjF+fONKb2Yg8rYgS6+bK6VDl+/wfr4IYpC7jDzLUIfw=="
    },
    "node-persist": {
      "version": "3.0.1",
      "resolved": "https://registry.npmjs.org/node-persist/-/node-persist-3.0.1.tgz",
      "integrity": "sha512-bNDhJBYhedVQdVCK1zGmaxsNSSKZPiuzi/FeNXBww14yHtEqrXw7efP6IIPFkBIlwHV6E7YHCUNxv2FHDqKt2g==",
      "requires": {
        "is-absolute": "^0.2.6",
        "mkdirp": "~0.5.1"
      }
    },
    "onoff": {
      "version": "3.2.1",
      "resolved": "https://registry.npmjs.org/onoff/-/onoff-3.2.1.tgz",
      "integrity": "sha512-p4Z+OJpijvCh5V9XRGmQugT4O/TytCxkuIYJtsluFA00lram+PsEG8fFPirJWO6LJecrQF3M/kC0B5rdmD7F5g==",
      "requires": {
        "epoll": "^2.0.3",
        "lodash.debounce": "^4.0.8"
      }
    },
    "q": {
      "version": "1.1.2",
      "resolved": "https://registry.npmjs.org/q/-/q-1.1.2.tgz",
      "integrity": "sha1-Y1fikSBnAdmfGXq4TlforRlvKok="
    },
    "safe-buffer": {
      "version": "5.1.2",
      "resolved": "https://registry.npmjs.org/safe-buffer/-/safe-buffer-5.1.2.tgz",
      "integrity": "sha512-Gd2UZBJDkXlY7GbJxfsE8/nvKkUEU1G38c1siN6QP6a9PT9MmHB8GnpscSmMJSoF8LOIrt8ud/wPtojys4G6+g=="
    },
    "sleep": {
      "version": "5.2.3",
      "resolved": "https://registry.npmjs.org/sleep/-/sleep-5.2.3.tgz",
      "integrity": "sha512-vC05N1XqgIiPIj6tEq7wt0R32aTycJv4Ymo/jwSEp2PkeU1GCJ1tkl+RdYZEo7Gjebq8QQuhFuEe7vsyVGlFRA==",
      "requires": {
        "nan": ">=2.5.1"
      }
    },
    "thunky": {
      "version": "1.0.2",
      "resolved": "https://registry.npmjs.org/thunky/-/thunky-1.0.2.tgz",
      "integrity": "sha1-qGLgGOP7HqLsP85dVWBc9X8kc3E="
    },
    "unc-path-regex": {
      "version": "0.1.2",
      "resolved": "https://registry.npmjs.org/unc-path-regex/-/unc-path-regex-0.1.2.tgz",
      "integrity": "sha1-5z3T17DXxe2G+6xrCufYxqadUPo="
    },
    "verror": {
      "version": "1.10.0",
      "resolved": "https://registry.npmjs.org/verror/-/verror-1.10.0.tgz",
      "integrity": "sha1-OhBcoXBTr1XW4nDB+CiGguGNpAA=",
      "requires": {
        "assert-plus": "^1.0.0",
        "core-util-is": "1.0.2",
        "extsprintf": "^1.2.0"
      }
    }
  }
}
