{
  "name": "home-aid",
  "version": "0.8.0",
  "lockfileVersion": 1,
  "requires": true,
  "dependencies": {
    "apn": {
      "version": "2.2.0",
      "resolved": "https://registry.npmjs.org/apn/-/apn-2.2.0.tgz",
      "integrity": "sha512-YIypYzPVJA9wzNBLKZ/mq2l1IZX/2FadPvwmSv4ZeR0VH7xdNITQ6Pucgh0Uw6ZZKC+XwheaJ57DFZAhJ0FvPg==",
      "requires": {
        "debug": "^3.1.0",
        "http2": "https://github.com/node-apn/node-http2/archive/apn-2.1.4.tar.gz",
        "jsonwebtoken": "^8.1.0",
        "node-forge": "^0.7.1",
        "verror": "^1.10.0"
      },
      "dependencies": {
        "debug": {
          "version": "3.1.0",
          "resolved": "https://registry.npmjs.org/debug/-/debug-3.1.0.tgz",
          "integrity": "sha512-OX8XqP7/1a9cqkxYw2yXss15f26NKWBpDXQd0/uK/KPqdQhxbPa994hnzjcE2VqQpDslf55723cKPUOGSmMY3g==",
          "requires": {
            "ms": "2.0.0"
          }
        }
      }
    },
    "array-flatten": {
      "version": "2.1.2",
      "resolved": "https://registry.npmjs.org/array-flatten/-/array-flatten-2.1.2.tgz",
      "integrity": "sha512-hNfzcOV8W4NdualtqBFPyVO+54DSJuZGY9qT4pRroB6S9e3iiido2ISIC5h9R2sPJ8H3FHCIiEnsv1lPXO3KtQ=="
    },
    "assert-plus": {
      "version": "1.0.0",
      "resolved": "https://registry.npmjs.org/assert-plus/-/assert-plus-1.0.0.tgz",
      "integrity": "sha1-8S4PPF13sLHN2RRpQuTpbB5N1SU="
    },
    "async": {
      "version": "1.5.2",
      "resolved": "https://registry.npmjs.org/async/-/async-1.5.2.tgz",
      "integrity": "sha1-7GphrlZIDAw8skHJVhjiCJL5Zyo="
    },
    "binary": {
      "version": "0.3.0",
      "resolved": "https://registry.npmjs.org/binary/-/binary-0.3.0.tgz",
      "integrity": "sha1-n2BVO8XOjDOG87VTz/R0Yq3sqnk=",
      "requires": {
        "buffers": "~0.1.1",
        "chainsaw": "~0.1.0"
      }
    },
    "bindings": {
      "version": "1.5.0",
      "resolved": "https://registry.npmjs.org/bindings/-/bindings-1.5.0.tgz",
      "integrity": "sha512-p2q/t/mhvuOj/UeLlV6566GD/guowlr0hHxClI0W9m7MWYkL1F0hLo+0Aexs9HSPCtR1SXQ0TD3MMKrXZajbiQ==",
      "requires": {
        "file-uri-to-path": "1.0.0"
      }
    },
    "binrpc": {
      "version": "1.0.0",
      "resolved": "https://registry.npmjs.org/binrpc/-/binrpc-1.0.0.tgz",
      "integrity": "sha1-WXs7q7U5M5CWgsyrGgCPFc1LqSY=",
      "requires": {
        "async": "1.5.2",
        "binary": "0.3.0",
        "put": "0.0.6"
      }
    },
    "bonjour-hap": {
      "version": "3.5.4",
      "resolved": "https://registry.npmjs.org/bonjour-hap/-/bonjour-hap-3.5.4.tgz",
      "integrity": "sha512-MgU27SEZYQ09Skm71Xa7SZoAg259V4IlAJNWaloFVMlYDn1OjJy3nkwSixRHnDzrcLWocVI84f9exI1ObZChBw==",
      "requires": {
        "array-flatten": "^2.1.0",
        "deep-equal": "^1.0.1",
        "dns-equal": "^1.0.0",
        "dns-txt": "^2.0.2",
        "multicast-dns": "^7.2.0",
        "multicast-dns-service-types": "^1.1.0"
      }
    },
    "buffer-equal-constant-time": {
      "version": "1.0.1",
      "resolved": "https://registry.npmjs.org/buffer-equal-constant-time/-/buffer-equal-constant-time-1.0.1.tgz",
      "integrity": "sha1-+OcRMvf/5uAaXJaXpMbz5I1cyBk="
    },
    "buffer-indexof": {
      "version": "1.1.1",
      "resolved": "https://registry.npmjs.org/buffer-indexof/-/buffer-indexof-1.1.1.tgz",
      "integrity": "sha512-4/rOEg86jivtPTeOUUT61jJO1Ya1TrR/OkqCSZDyq84WJh3LuuiphBYJN+fm5xufIk4XAFcEwte/8WzC8If/1g=="
    },
    "buffer-shims": {
      "version": "1.0.0",
      "resolved": "https://registry.npmjs.org/buffer-shims/-/buffer-shims-1.0.0.tgz",
      "integrity": "sha1-mXjOMXOIxkmth5MCjDR37wRKi1E="
    },
    "buffers": {
      "version": "0.1.1",
      "resolved": "https://registry.npmjs.org/buffers/-/buffers-0.1.1.tgz",
      "integrity": "sha1-skV5w77U1tOWru5tmorn9Ugqt7s="
    },
    "chainsaw": {
      "version": "0.1.0",
      "resolved": "https://registry.npmjs.org/chainsaw/-/chainsaw-0.1.0.tgz",
      "integrity": "sha1-XqtQsor+WAdNDVgpE4iCi15fvJg=",
      "requires": {
        "traverse": ">=0.3.0 <0.4"
      }
    },
    "core-util-is": {
      "version": "1.0.2",
      "resolved": "https://registry.npmjs.org/core-util-is/-/core-util-is-1.0.2.tgz",
      "integrity": "sha1-tf1UIgqivFq1eqtxQMlAdUUDwac="
    },
    "debug": {
      "version": "2.6.9",
      "resolved": "https://registry.npmjs.org/debug/-/debug-2.6.9.tgz",
      "integrity": "sha512-bC7ElrdJaJnPbAP+1EotYvqZsb3ecl5wi6Bfi6BJTUcNowp6cvspg0jXznRTKDjm/E7AdgFBVeAPVMNcKGsHMA==",
      "requires": {
        "ms": "2.0.0"
      }
    },
    "decimal.js": {
      "version": "7.5.1",
      "resolved": "https://registry.npmjs.org/decimal.js/-/decimal.js-7.5.1.tgz",
      "integrity": "sha512-1K5Y6MykxQYfHBcFfAj2uBaLmwreq4MsjsvrlgcEOvg+X82IeeXlIVIVkBMiypksu+yo9vcYP6lfU3qTedofSQ=="
    },
    "deep-equal": {
      "version": "1.1.0",
      "resolved": "https://registry.npmjs.org/deep-equal/-/deep-equal-1.1.0.tgz",
      "integrity": "sha512-ZbfWJq/wN1Z273o7mUSjILYqehAktR2NVoSrOukDkU9kg2v/Uv89yU4Cvz8seJeAmtN5oqiefKq8FPuXOboqLw==",
      "requires": {
        "is-arguments": "^1.0.4",
        "is-date-object": "^1.0.1",
        "is-regex": "^1.0.4",
        "object-is": "^1.0.1",
        "object-keys": "^1.1.1",
        "regexp.prototype.flags": "^1.2.0"
      }
    },
    "define-properties": {
      "version": "1.1.3",
      "resolved": "https://registry.npmjs.org/define-properties/-/define-properties-1.1.3.tgz",
      "integrity": "sha512-3MqfYKj2lLzdMSf8ZIZE/V+Zuy+BgD6f164e8K2w7dgnpKArBDerGYpM46IYYcjnkdPNMjPk9A6VFB8+3SKlXQ==",
      "requires": {
        "object-keys": "^1.0.12"
      }
    },
    "dns-equal": {
      "version": "1.0.0",
      "resolved": "https://registry.npmjs.org/dns-equal/-/dns-equal-1.0.0.tgz",
      "integrity": "sha1-s55/HabrCnW6nBcySzR1PEfgZU0="
    },
    "dns-packet": {
      "version": "4.2.0",
      "resolved": "https://registry.npmjs.org/dns-packet/-/dns-packet-4.2.0.tgz",
      "integrity": "sha512-bn1AKpfkFbm0MIioOMHZ5qJzl2uypdBwI4nYNsqvhjsegBhcKJUlCrMPWLx6JEezRjxZmxhtIz/FkBEur2l8Cw==",
      "requires": {
        "ip": "^1.1.5",
        "safe-buffer": "^5.1.1"
      }
    },
    "dns-txt": {
      "version": "2.0.2",
      "resolved": "https://registry.npmjs.org/dns-txt/-/dns-txt-2.0.2.tgz",
      "integrity": "sha1-uR2Ab10nGI5Ks+fRB9iBocxGQrY=",
      "requires": {
        "buffer-indexof": "^1.0.0"
      }
    },
    "ecdsa-sig-formatter": {
      "version": "1.0.10",
      "resolved": "https://registry.npmjs.org/ecdsa-sig-formatter/-/ecdsa-sig-formatter-1.0.10.tgz",
      "integrity": "sha1-HFlQAPBKiJffuFAAiSoPTDOvhsM=",
      "requires": {
        "safe-buffer": "^5.0.1"
      }
    },
    "epoll": {
      "version": "3.0.0",
      "resolved": "https://registry.npmjs.org/epoll/-/epoll-3.0.0.tgz",
      "integrity": "sha512-Cr4yBZUkoKeTfi9Vr+7h1VhUYPP6t9f1/jgJOmEc2UEcWQqEOr5c4jdM0htJf+uB6KTGffDZGyR1UUUoclTwMQ==",
      "requires": {
        "bindings": "^1.5.0",
        "nan": "^2.14.0"
      },
      "dependencies": {
        "nan": {
          "version": "2.14.0",
          "resolved": "https://registry.npmjs.org/nan/-/nan-2.14.0.tgz",
          "integrity": "sha512-INOFj37C7k3AfaNTtX8RhsTw7qRy7eLET14cROi9+5HAVbbHuIWUHEauBv5qT4Av2tWasiTY1Jw6puUNqRJXQg=="
        }
      }
    },
    "extsprintf": {
      "version": "1.4.0",
      "resolved": "https://registry.npmjs.org/extsprintf/-/extsprintf-1.4.0.tgz",
      "integrity": "sha1-4mifjzVvrWLMplo6kcXfX5VRaS8="
    },
    "fast-srp-hap": {
      "version": "1.0.1",
      "resolved": "https://registry.npmjs.org/fast-srp-hap/-/fast-srp-hap-1.0.1.tgz",
      "integrity": "sha1-N3Ek0Za8alFXquWze/X6NbtK0tk="
    },
    "file-uri-to-path": {
      "version": "1.0.0",
      "resolved": "https://registry.npmjs.org/file-uri-to-path/-/file-uri-to-path-1.0.0.tgz",
      "integrity": "sha512-0Zt+s3L7Vf1biwWZ29aARiVYLx7iMGnEUl9x33fbB/j3jR81u/O2LbqK+Bm1CDSNDKVtJ/YjwY7TUd5SkeLQLw=="
    },
    "function-bind": {
      "version": "1.1.1",
      "resolved": "https://registry.npmjs.org/function-bind/-/function-bind-1.1.1.tgz",
      "integrity": "sha512-yIovAzMX49sF8Yl58fSCWJ5svSLuaibPxXQJFLmBObTuCr0Mf1KiPopGM9NiFjiYBCbfaa2Fh6breQ6ANVTI0A=="
    },
    "hap-nodejs": {
      "version": "0.4.53",
      "resolved": "https://registry.npmjs.org/hap-nodejs/-/hap-nodejs-0.4.53.tgz",
      "integrity": "sha512-6i7m/sugXm/6jP9fLaGUbOtmvxvzcYCfyZFK9dv6kLeavCJparlIn50g+6hc6ljxq0d7Q1mH+pawCPUEq4ZC8Q==",
      "requires": {
        "bonjour-hap": "^3.5.1",
        "buffer-shims": "^1.0.0",
        "debug": "^2.2.0",
        "decimal.js": "^7.2.3",
        "fast-srp-hap": "^1.0.1",
        "ip": "^1.1.3",
        "node-persist": "^0.0.11",
        "tweetnacl": "^1.0.1"
      },
      "dependencies": {
        "node-persist": {
          "version": "0.0.11",
          "resolved": "https://registry.npmjs.org/node-persist/-/node-persist-0.0.11.tgz",
          "integrity": "sha1-1m66Pr72IPB5Uw+nsTB2qQZmWHQ=",
          "requires": {
            "mkdirp": "~0.5.1",
            "q": "~1.1.1"
          }
        }
      }
    },
    "has": {
      "version": "1.0.3",
      "resolved": "https://registry.npmjs.org/has/-/has-1.0.3.tgz",
      "integrity": "sha512-f2dvO0VU6Oej7RkWJGrehjbzMAjFp5/VKPp5tTpWIV4JHHZK1/BxbFRtf/siA2SWTe09caDmVtYYzWEIbBS4zw==",
      "requires": {
        "function-bind": "^1.1.1"
      }
    },
    "http2": {
      "version": "https://github.com/node-apn/node-http2/archive/apn-2.1.4.tar.gz",
      "integrity": "sha512-ad4u4I88X9AcUgxCRW3RLnbh7xHWQ1f5HbrXa7gEy2x4Xgq+rq+auGx5I+nUDE2YYuqteGIlbxrwQXkIaYTfnQ=="
    },
    "ip": {
      "version": "1.1.5",
      "resolved": "https://registry.npmjs.org/ip/-/ip-1.1.5.tgz",
      "integrity": "sha1-vd7XARQpCCjAoDnnLvJfWq7ENUo="
    },
    "is-arguments": {
      "version": "1.0.4",
      "resolved": "https://registry.npmjs.org/is-arguments/-/is-arguments-1.0.4.tgz",
      "integrity": "sha512-xPh0Rmt8NE65sNzvyUmWgI1tz3mKq74lGA0mL8LYZcoIzKOzDh6HmrYm3d18k60nHerC8A9Km8kYu87zfSFnLA=="
    },
    "is-date-object": {
      "version": "1.0.1",
      "resolved": "https://registry.npmjs.org/is-date-object/-/is-date-object-1.0.1.tgz",
      "integrity": "sha1-mqIOtq7rv/d/vTPnTKAbM1gdOhY="
    },
    "is-regex": {
      "version": "1.0.4",
      "resolved": "https://registry.npmjs.org/is-regex/-/is-regex-1.0.4.tgz",
      "integrity": "sha1-VRdIm1RwkbCTDglWVM7SXul+lJE=",
      "requires": {
        "has": "^1.0.1"
      }
    },
    "jsonwebtoken": {
      "version": "8.3.0",
      "resolved": "https://registry.npmjs.org/jsonwebtoken/-/jsonwebtoken-8.3.0.tgz",
      "integrity": "sha512-oge/hvlmeJCH+iIz1DwcO7vKPkNGJHhgkspk8OH3VKlw+mbi42WtD4ig1+VXRln765vxptAv+xT26Fd3cteqag==",
      "requires": {
        "jws": "^3.1.5",
        "lodash.includes": "^4.3.0",
        "lodash.isboolean": "^3.0.3",
        "lodash.isinteger": "^4.0.4",
        "lodash.isnumber": "^3.0.3",
        "lodash.isplainobject": "^4.0.6",
        "lodash.isstring": "^4.0.1",
        "lodash.once": "^4.0.0",
        "ms": "^2.1.1"
      },
      "dependencies": {
        "ms": {
          "version": "2.1.1",
          "resolved": "https://registry.npmjs.org/ms/-/ms-2.1.1.tgz",
          "integrity": "sha512-tgp+dl5cGk28utYktBsrFqA7HKgrhgPsg6Z/EfhWI4gl1Hwq8B/GmY/0oXZ6nF8hDVesS/FpnYaD/kOWhYQvyg=="
        }
      }
    },
    "jwa": {
      "version": "1.1.6",
      "resolved": "https://registry.npmjs.org/jwa/-/jwa-1.1.6.tgz",
      "integrity": "sha512-tBO/cf++BUsJkYql/kBbJroKOgHWEigTKBAjjBEmrMGYd1QMBC74Hr4Wo2zCZw6ZrVhlJPvoMrkcOnlWR/DJfw==",
      "requires": {
        "buffer-equal-constant-time": "1.0.1",
        "ecdsa-sig-formatter": "1.0.10",
        "safe-buffer": "^5.0.1"
      }
    },
    "jws": {
      "version": "3.1.5",
      "resolved": "https://registry.npmjs.org/jws/-/jws-3.1.5.tgz",
      "integrity": "sha512-GsCSexFADNQUr8T5HPJvayTjvPIfoyJPtLQBwn5a4WZQchcrPMPMAWcC1AzJVRDKyD6ZPROPAxgv6rfHViO4uQ==",
      "requires": {
        "jwa": "^1.1.5",
        "safe-buffer": "^5.0.1"
      }
    },
    "lodash.debounce": {
      "version": "4.0.8",
      "resolved": "https://registry.npmjs.org/lodash.debounce/-/lodash.debounce-4.0.8.tgz",
      "integrity": "sha1-gteb/zCmfEAF/9XiUVMArZyk168="
    },
    "lodash.includes": {
      "version": "4.3.0",
      "resolved": "https://registry.npmjs.org/lodash.includes/-/lodash.includes-4.3.0.tgz",
      "integrity": "sha1-YLuYqHy5I8aMoeUTJUgzFISfVT8="
    },
    "lodash.isboolean": {
      "version": "3.0.3",
      "resolved": "https://registry.npmjs.org/lodash.isboolean/-/lodash.isboolean-3.0.3.tgz",
      "integrity": "sha1-bC4XHbKiV82WgC/UOwGyDV9YcPY="
    },
    "lodash.isinteger": {
      "version": "4.0.4",
      "resolved": "https://registry.npmjs.org/lodash.isinteger/-/lodash.isinteger-4.0.4.tgz",
      "integrity": "sha1-YZwK89A/iwTDH1iChAt3sRzWg0M="
    },
    "lodash.isnumber": {
      "version": "3.0.3",
      "resolved": "https://registry.npmjs.org/lodash.isnumber/-/lodash.isnumber-3.0.3.tgz",
      "integrity": "sha1-POdoEMWSjQM1IwGsKHMX8RwLH/w="
    },
    "lodash.isplainobject": {
      "version": "4.0.6",
      "resolved": "https://registry.npmjs.org/lodash.isplainobject/-/lodash.isplainobject-4.0.6.tgz",
      "integrity": "sha1-fFJqUtibRcRcxpC4gWO+BJf1UMs="
    },
    "lodash.isstring": {
      "version": "4.0.1",
      "resolved": "https://registry.npmjs.org/lodash.isstring/-/lodash.isstring-4.0.1.tgz",
      "integrity": "sha1-1SfftUVuynzJu5XV2ur4i6VKVFE="
    },
    "lodash.once": {
      "version": "4.1.1",
      "resolved": "https://registry.npmjs.org/lodash.once/-/lodash.once-4.1.1.tgz",
      "integrity": "sha1-DdOXEhPHxW34gJd9UEyI+0cal6w="
    },
    "minimist": {
      "version": "0.0.8",
      "resolved": "https://registry.npmjs.org/minimist/-/minimist-0.0.8.tgz",
      "integrity": "sha1-hX/Kv8M5fSYluCKCYuhqp6ARsF0="
    },
    "mkdirp": {
      "version": "0.5.1",
      "resolved": "https://registry.npmjs.org/mkdirp/-/mkdirp-0.5.1.tgz",
      "integrity": "sha1-MAV0OOrGz3+MR2fzhkjWaX11yQM=",
      "requires": {
        "minimist": "0.0.8"
      }
    },
    "ms": {
      "version": "2.0.0",
      "resolved": "https://registry.npmjs.org/ms/-/ms-2.0.0.tgz",
      "integrity": "sha1-VgiurfwAvmwpAd9fmGF4jeDVl8g="
    },
    "multicast-dns": {
      "version": "7.2.0",
      "resolved": "https://registry.npmjs.org/multicast-dns/-/multicast-dns-7.2.0.tgz",
      "integrity": "sha512-Tu2QORGOFANB124NWQ/JTRhMf/ODouVLEuvu5Dz8YWEU55zQgRgFGnBHfIh5PbfNDAuaRl7yLB+pgWhSqVxi2Q==",
      "requires": {
        "dns-packet": "^4.0.0",
        "thunky": "^1.0.2"
      }
    },
    "multicast-dns-service-types": {
      "version": "1.1.0",
      "resolved": "https://registry.npmjs.org/multicast-dns-service-types/-/multicast-dns-service-types-1.1.0.tgz",
      "integrity": "sha1-iZ8R2WhuXgXLkbNdXw5jt3PPyQE="
    },
    "nan": {
      "version": "2.11.0",
      "resolved": "https://registry.npmjs.org/nan/-/nan-2.11.0.tgz",
      "integrity": "sha512-F4miItu2rGnV2ySkXOQoA8FKz/SR2Q2sWP0sbTxNxz/tuokeC8WxOhPMcwi0qIyGtVn/rrSeLbvVkznqCdwYnw=="
    },
    "node-forge": {
      "version": "0.7.6",
      "resolved": "https://registry.npmjs.org/node-forge/-/node-forge-0.7.6.tgz",
      "integrity": "sha512-sol30LUpz1jQFBjOKwbjxijiE3b6pjd74YwfD0fJOKPjF+fONKb2Yg8rYgS6+bK6VDl+/wfr4IYpC7jDzLUIfw=="
    },
    "node-persist": {
      "version": "3.0.5",
      "resolved": "https://registry.npmjs.org/node-persist/-/node-persist-3.0.5.tgz",
      "integrity": "sha512-zJmBA58kI9QAxXLMc4NLswgzXVIqKfsfQtiySMF6eEQ3kVvoM3YHzcP0//L9u30Fqx3cYe1FL/a+fyB3VwO/oQ==",
      "requires": {
        "mkdirp": "~0.5.1"
      }
    },
    "object-is": {
      "version": "1.0.1",
      "resolved": "https://registry.npmjs.org/object-is/-/object-is-1.0.1.tgz",
      "integrity": "sha1-CqYOyZiaCz7Xlc9NBvYs8a1lObY="
    },
    "object-keys": {
      "version": "1.1.1",
      "resolved": "https://registry.npmjs.org/object-keys/-/object-keys-1.1.1.tgz",
      "integrity": "sha512-NuAESUOUMrlIXOfHKzD6bpPu3tYt3xvjNdRIQ+FeT0lNb4K8WR70CaDxhuNguS2XG+GjkyMwOzsN5ZktImfhLA=="
    },
    "onoff": {
      "version": "5.0.0",
      "resolved": "https://registry.npmjs.org/onoff/-/onoff-5.0.0.tgz",
      "integrity": "sha512-c334ArDb+GVNGN0y/joMGBB8F3mJwawaJqRR4NATpFsk5TdViLl6p6lqCwYFmxKT2u6KZAgqlXEPCF6neiguIA==",
      "requires": {
        "epoll": "^3.0.0",
        "lodash.debounce": "^4.0.8"
      }
    },
    "put": {
      "version": "0.0.6",
      "resolved": "https://registry.npmjs.org/put/-/put-0.0.6.tgz",
      "integrity": "sha1-MPX2C9bkOJvTKeFqJThsuy5KAKM="
    },
    "q": {
      "version": "1.1.2",
      "resolved": "https://registry.npmjs.org/q/-/q-1.1.2.tgz",
      "integrity": "sha1-Y1fikSBnAdmfGXq4TlforRlvKok="
    },
    "regexp.prototype.flags": {
      "version": "1.2.0",
      "resolved": "https://registry.npmjs.org/regexp.prototype.flags/-/regexp.prototype.flags-1.2.0.tgz",
      "integrity": "sha512-ztaw4M1VqgMwl9HlPpOuiYgItcHlunW0He2fE6eNfT6E/CF2FtYi9ofOYe4mKntstYk0Fyh/rDRBdS3AnxjlrA==",
      "requires": {
        "define-properties": "^1.1.2"
      }
    },
    "safe-buffer": {
      "version": "5.1.2",
      "resolved": "https://registry.npmjs.org/safe-buffer/-/safe-buffer-5.1.2.tgz",
      "integrity": "sha512-Gd2UZBJDkXlY7GbJxfsE8/nvKkUEU1G38c1siN6QP6a9PT9MmHB8GnpscSmMJSoF8LOIrt8ud/wPtojys4G6+g=="
    },
    "sleep": {
      "version": "5.2.3",
      "resolved": "https://registry.npmjs.org/sleep/-/sleep-5.2.3.tgz",
      "integrity": "sha512-vC05N1XqgIiPIj6tEq7wt0R32aTycJv4Ymo/jwSEp2PkeU1GCJ1tkl+RdYZEo7Gjebq8QQuhFuEe7vsyVGlFRA==",
      "requires": {
        "nan": ">=2.5.1"
      }
    },
    "thunky": {
      "version": "1.1.0",
      "resolved": "https://registry.npmjs.org/thunky/-/thunky-1.1.0.tgz",
      "integrity": "sha512-eHY7nBftgThBqOyHGVN+l8gF0BucP09fMo0oO/Lb0w1OF80dJv+lDVpXG60WMQvkcxAkNybKsrEIE3ZtKGmPrA=="
    },
    "traverse": {
      "version": "0.3.9",
      "resolved": "https://registry.npmjs.org/traverse/-/traverse-0.3.9.tgz",
      "integrity": "sha1-cXuPIgzAu3tE5AUUwisui7xw2Lk="
    },
    "tweetnacl": {
      "version": "1.0.1",
      "resolved": "https://registry.npmjs.org/tweetnacl/-/tweetnacl-1.0.1.tgz",
      "integrity": "sha512-kcoMoKTPYnoeS50tzoqjPY3Uv9axeuuFAZY9M/9zFnhoVvRfxz9K29IMPD7jGmt2c8SW7i3gT9WqDl2+nV7p4A=="
    },
    "verror": {
      "version": "1.10.0",
      "resolved": "https://registry.npmjs.org/verror/-/verror-1.10.0.tgz",
      "integrity": "sha1-OhBcoXBTr1XW4nDB+CiGguGNpAA=",
      "requires": {
        "assert-plus": "^1.0.0",
        "core-util-is": "1.0.2",
        "extsprintf": "^1.2.0"
      }
    }
  }
}
